
Microsoft Visual Studio Solution File, Format Version 12.00
# Visual Studio Version 17
VisualStudioVersion = 17.14.36429.23 d17.14
MinimumVisualStudioVersion = 10.0.40219.1
Project("{FAE04EC0-301F-11D3-BF4B-00C04F79EFBC}") = "MongoConsumer", "MongoConsumer\MongoConsumer.csproj", "{B35686A5-09F6-47BC-88F3-AED134CDD8D2}"
EndProject
Global
	GlobalSection(SolutionConfigurationPlatforms) = preSolution
		Debug|Any CPU = Debug|Any CPU
		Release|Any CPU = Release|Any CPU
	EndGlobalSection
	GlobalSection(ProjectConfigurationPlatforms) = postSolution
		{B35686A5-09F6-47BC-88F3-AED134CDD8D2}.Debug|Any CPU.ActiveCfg = Debug|Any CPU
		{B35686A5-09F6-47BC-88F3-AED134CDD8D2}.Debug|Any CPU.Build.0 = Debug|Any CPU
		{B35686A5-09F6-47BC-88F3-AED134CDD8D2}.Release|Any CPU.ActiveCfg = Release|Any CPU
		{B35686A5-09F6-47BC-88F3-AED134CDD8D2}.Release|Any CPU.Build.0 = Release|Any CPU
	EndGlobalSection
	GlobalSection(SolutionProperties) = preSolution
		HideSolutionNode = FALSE
	EndGlobalSection
	GlobalSection(ExtensibilityGlobals) = postSolution
		SolutionGuid = {AD2ABE62-04B8-47AA-94C2-1C7B424F61BC}
	EndGlobalSection
EndGlobal
